// !$*UTF8*$!
{
	archiveVersion = 1;
	classes = {
	};
	objectVersion = 55;
	objects = {

/* Begin PBXBuildFile section */
		3B2BA0752860369500104AAF /* SumProfileViewController.swift in Sources */ = {isa = PBXBuildFile; fileRef = 3B2BA0742860369500104AAF /* SumProfileViewController.swift */; };
		3B9293F02860B0CE005EF46E /* ReduceCarbonConciseCardView.swift in Sources */ = {isa = PBXBuildFile; fileRef = 3B9293EF2860B0CE005EF46E /* ReduceCarbonConciseCardView.swift */; };
		3F08353B286B6A8F006F3C99 /* Settings.bundle in Resources */ = {isa = PBXBuildFile; fileRef = 3F08353A286B6A8F006F3C99 /* Settings.bundle */; };
		3F0BD0C2286568770049925B /* ShareViewController.swift in Sources */ = {isa = PBXBuildFile; fileRef = 3F0BD0C0286568770049925B /* ShareViewController.swift */; };
		3F0BD0C3286568770049925B /* ShareViewController.xib in Resources */ = {isa = PBXBuildFile; fileRef = 3F0BD0C1286568770049925B /* ShareViewController.xib */; };
		3F0BD0C5286604590049925B /* LongCardInfoView.xib in Resources */ = {isa = PBXBuildFile; fileRef = 3F0BD0C4286604590049925B /* LongCardInfoView.xib */; };
		3F0BD0C7286604660049925B /* LongCardInfoView.swift in Sources */ = {isa = PBXBuildFile; fileRef = 3F0BD0C6286604660049925B /* LongCardInfoView.swift */; };
		3F0E2CBC285856A100E7160C /* ChooseChangeTransportBase.swift in Sources */ = {isa = PBXBuildFile; fileRef = 3F0E2CBB285856A100E7160C /* ChooseChangeTransportBase.swift */; };
		3F1877892872D811009684A6 /* AppAlertAction.swift in Sources */ = {isa = PBXBuildFile; fileRef = 3F1877882872D811009684A6 /* AppAlertAction.swift */; };
		3F18778B2872E6FE009684A6 /* SystemDevice.swift in Sources */ = {isa = PBXBuildFile; fileRef = 3F18778A2872E6FE009684A6 /* SystemDevice.swift */; };
		3F18778F28730FD9009684A6 /* LocationPermissionAlertNotifier.swift in Sources */ = {isa = PBXBuildFile; fileRef = 3F18778E28730FD9009684A6 /* LocationPermissionAlertNotifier.swift */; };
		3F187791287329C1009684A6 /* NotificationTrigger.swift in Sources */ = {isa = PBXBuildFile; fileRef = 3F187790287329C1009684A6 /* NotificationTrigger.swift */; };
		3F3131DD28635499005B7640 /* UserDefaults.swift in Sources */ = {isa = PBXBuildFile; fileRef = 3F3131DC28635499005B7640 /* UserDefaults.swift */; };
		3F3131E1286359AA005B7640 /* ProfileModel.swift in Sources */ = {isa = PBXBuildFile; fileRef = 3F3131E0286359AA005B7640 /* ProfileModel.swift */; };
		3F3131E328635C84005B7640 /* CO2ETimer.swift in Sources */ = {isa = PBXBuildFile; fileRef = 3F3131E228635C84005B7640 /* CO2ETimer.swift */; };
		3F3131E528635D50005B7640 /* TimeFrequency.swift in Sources */ = {isa = PBXBuildFile; fileRef = 3F3131E428635D50005B7640 /* TimeFrequency.swift */; };
		3F3131E928638812005B7640 /* SummaryHeaderTripViewController.swift in Sources */ = {isa = PBXBuildFile; fileRef = 3F3131E828638812005B7640 /* SummaryHeaderTripViewController.swift */; };
		3F3131EB28638924005B7640 /* SummaryHistoryVM.swift in Sources */ = {isa = PBXBuildFile; fileRef = 3F3131EA28638924005B7640 /* SummaryHistoryVM.swift */; };
		3F4D588E2859CEE200F6D19B /* RoundingDigit.swift in Sources */ = {isa = PBXBuildFile; fileRef = 3F4D588D2859CEE200F6D19B /* RoundingDigit.swift */; };
		3F7B6C802860C73100529CD3 /* HistoryTableViewCell.swift in Sources */ = {isa = PBXBuildFile; fileRef = 3F7B6C7F2860C73100529CD3 /* HistoryTableViewCell.swift */; };
		3F84CB68285E163500EFDD71 /* SummaryVM.swift in Sources */ = {isa = PBXBuildFile; fileRef = 3F84CB67285E163500EFDD71 /* SummaryVM.swift */; };
		3F94CCC52858581300BD5176 /* AlertPresentationController.swift in Sources */ = {isa = PBXBuildFile; fileRef = 3F94CCBC2858581300BD5176 /* AlertPresentationController.swift */; };
		3F94CCC62858581300BD5176 /* FocusPresentationController.swift in Sources */ = {isa = PBXBuildFile; fileRef = 3F94CCBD2858581300BD5176 /* FocusPresentationController.swift */; };
		3F94CCC72858581300BD5176 /* ChangeTransportViewController.xib in Resources */ = {isa = PBXBuildFile; fileRef = 3F94CCBE2858581300BD5176 /* ChangeTransportViewController.xib */; };
		3F94CCC82858581300BD5176 /* SheetPresentationController.swift in Sources */ = {isa = PBXBuildFile; fileRef = 3F94CCBF2858581300BD5176 /* SheetPresentationController.swift */; };
		3F94CCC92858581300BD5176 /* ChangeTransportViewController.swift in Sources */ = {isa = PBXBuildFile; fileRef = 3F94CCC02858581300BD5176 /* ChangeTransportViewController.swift */; };
		3F94CCCA2858581300BD5176 /* TransportAnnotation.swift in Sources */ = {isa = PBXBuildFile; fileRef = 3F94CCC12858581300BD5176 /* TransportAnnotation.swift */; };
		3F94CCCB2858581300BD5176 /* MoovitAPI.swift in Sources */ = {isa = PBXBuildFile; fileRef = 3F94CCC22858581300BD5176 /* MoovitAPI.swift */; };
		3F94CCCC2858581300BD5176 /* ViewHelper.swift in Sources */ = {isa = PBXBuildFile; fileRef = 3F94CCC32858581300BD5176 /* ViewHelper.swift */; };
		3F94CCCD2858581300BD5176 /* TransportAnnotationView.swift in Sources */ = {isa = PBXBuildFile; fileRef = 3F94CCC42858581300BD5176 /* TransportAnnotationView.swift */; };
		3F94CCD62858591C00BD5176 /* TransportRadioButtonVM.swift in Sources */ = {isa = PBXBuildFile; fileRef = 3F94CCD32858591C00BD5176 /* TransportRadioButtonVM.swift */; };
		3F94CCD72858591C00BD5176 /* OnTripVM.swift in Sources */ = {isa = PBXBuildFile; fileRef = 3F94CCD42858591C00BD5176 /* OnTripVM.swift */; };
		3F94CCD82858591C00BD5176 /* DestinationPlanVM.swift in Sources */ = {isa = PBXBuildFile; fileRef = 3F94CCD52858591C00BD5176 /* DestinationPlanVM.swift */; };
		3F94CCE22858599B00BD5176 /* RadioButtonManager.swift in Sources */ = {isa = PBXBuildFile; fileRef = 3F94CCDF2858599B00BD5176 /* RadioButtonManager.swift */; };
		3F94CCE32858599B00BD5176 /* SystemUnits.swift in Sources */ = {isa = PBXBuildFile; fileRef = 3F94CCE02858599B00BD5176 /* SystemUnits.swift */; };
		3F94CCE42858599B00BD5176 /* CO2E.swift in Sources */ = {isa = PBXBuildFile; fileRef = 3F94CCE12858599B00BD5176 /* CO2E.swift */; };
		3F94CCE6285859D200BD5176 /* TransportationCostVM.swift in Sources */ = {isa = PBXBuildFile; fileRef = 3F94CCE5285859D200BD5176 /* TransportationCostVM.swift */; };
		3F94CCE8285859DB00BD5176 /* ViewAccessory.swift in Sources */ = {isa = PBXBuildFile; fileRef = 3F94CCE7285859DB00BD5176 /* ViewAccessory.swift */; };
		3F9E56C4286844F100A566C6 /* PartsOfDay.swift in Sources */ = {isa = PBXBuildFile; fileRef = 3F9E56C3286844F100A566C6 /* PartsOfDay.swift */; };
		3F9E56C62868A2C600A566C6 /* SearchSpeechButton.xib in Resources */ = {isa = PBXBuildFile; fileRef = 3F9E56C52868A2C600A566C6 /* SearchSpeechButton.xib */; };
		3F9E56C82868A5E400A566C6 /* SearchSpeechButton.swift in Sources */ = {isa = PBXBuildFile; fileRef = 3F9E56C72868A5E400A566C6 /* SearchSpeechButton.swift */; };
		3F9FE8962869FEB500784B2D /* OnGoingTripSheet.xib in Resources */ = {isa = PBXBuildFile; fileRef = 3F9FE8952869FEB500784B2D /* OnGoingTripSheet.xib */; };
		3F9FE898286A15BA00784B2D /* OnGoingTripSheet.swift in Sources */ = {isa = PBXBuildFile; fileRef = 3F9FE897286A15BA00784B2D /* OnGoingTripSheet.swift */; };
		3FA0FE79286B04D60002D514 /* SummarizingViewController.swift in Sources */ = {isa = PBXBuildFile; fileRef = 3FA0FE78286B04D60002D514 /* SummarizingViewController.swift */; };
		3FA0FE7C286B07570002D514 /* Lottie in Frameworks */ = {isa = PBXBuildFile; productRef = 3FA0FE7B286B07570002D514 /* Lottie */; };
		3FA0FE7E286B10900002D514 /* LottieFactory.swift in Sources */ = {isa = PBXBuildFile; fileRef = 3FA0FE7D286B10900002D514 /* LottieFactory.swift */; };
		3FA0FE85286B23FC0002D514 /* SplashViewController.swift in Sources */ = {isa = PBXBuildFile; fileRef = 3FA0FE83286B23FC0002D514 /* SplashViewController.swift */; };
		3FA0FE86286B23FC0002D514 /* SplashViewController.xib in Resources */ = {isa = PBXBuildFile; fileRef = 3FA0FE84286B23FC0002D514 /* SplashViewController.xib */; };
		3FA0FE88286B33F70002D514 /* UIImageView+AnimationCompletionBlock.swift in Sources */ = {isa = PBXBuildFile; fileRef = 3FA0FE87286B33F70002D514 /* UIImageView+AnimationCompletionBlock.swift */; };
		3FA131722871541600C67D2A /* ULProcessor.swift in Sources */ = {isa = PBXBuildFile; fileRef = 3FA131712871541600C67D2A /* ULProcessor.swift */; };
		3FA3E8942855AD1D006DCE5D /* AppAlertController.swift in Sources */ = {isa = PBXBuildFile; fileRef = 3FA3E8922855AD1D006DCE5D /* AppAlertController.swift */; };
		3FA3E8952855AD1D006DCE5D /* AppAlertController.xib in Resources */ = {isa = PBXBuildFile; fileRef = 3FA3E8932855AD1D006DCE5D /* AppAlertController.xib */; };
		3FA4A8532868AF7B0094D8CD /* SearchLocationViewController.swift in Sources */ = {isa = PBXBuildFile; fileRef = 3FA4A8522868AF7B0094D8CD /* SearchLocationViewController.swift */; };
		3FA4A8552868BBD90094D8CD /* LocationTableViewCell.swift in Sources */ = {isa = PBXBuildFile; fileRef = 3FA4A8542868BBD90094D8CD /* LocationTableViewCell.swift */; };
		3FA4A858286952130094D8CD /* SpeechDictationViewController.swift in Sources */ = {isa = PBXBuildFile; fileRef = 3FA4A856286952130094D8CD /* SpeechDictationViewController.swift */; };
		3FA4A859286952130094D8CD /* SpeechDictationViewController.xib in Resources */ = {isa = PBXBuildFile; fileRef = 3FA4A857286952130094D8CD /* SpeechDictationViewController.xib */; };
		3FA4A85D28699FA70094D8CD /* TransitPath.swift in Sources */ = {isa = PBXBuildFile; fileRef = 3FA4A85C28699FA70094D8CD /* TransitPath.swift */; };
		3FA4A85F2869BAB50094D8CD /* TripModel.swift in Sources */ = {isa = PBXBuildFile; fileRef = 3FA4A85E2869BAB50094D8CD /* TripModel.swift */; };
		3FC825A32856177C0074B88D /* TransportType.swift in Sources */ = {isa = PBXBuildFile; fileRef = 3FC8259F2856177C0074B88D /* TransportType.swift */; };
		3FC88A74285B24680022BA2C /* TransitModel.swift in Sources */ = {isa = PBXBuildFile; fileRef = 3FC88A73285B24680022BA2C /* TransitModel.swift */; };
		3FCB1226286D6B4F00E9A348 /* TransportCalloutView.xib in Resources */ = {isa = PBXBuildFile; fileRef = 3FCB1225286D6B4F00E9A348 /* TransportCalloutView.xib */; };
		3FCB1228286D6E9D00E9A348 /* TransportCalloutView.swift in Sources */ = {isa = PBXBuildFile; fileRef = 3FCB1227286D6E9D00E9A348 /* TransportCalloutView.swift */; };
		3FCB122A286D89AD00E9A348 /* TransportCalloutOngoingView.xib in Resources */ = {isa = PBXBuildFile; fileRef = 3FCB1229286D89AD00E9A348 /* TransportCalloutOngoingView.xib */; };
		3FCB122C286D8B1100E9A348 /* TransportCalloutOngoingView.swift in Sources */ = {isa = PBXBuildFile; fileRef = 3FCB122B286D8B1100E9A348 /* TransportCalloutOngoingView.swift */; };
		3FCB122E286D8FA500E9A348 /* TripTableViewController.swift in Sources */ = {isa = PBXBuildFile; fileRef = 3FCB122D286D8FA500E9A348 /* TripTableViewController.swift */; };
		3FECBAF928622DA900444E5D /* StateBackgroundButton.swift in Sources */ = {isa = PBXBuildFile; fileRef = 3FECBAF828622DA900444E5D /* StateBackgroundButton.swift */; };
		3FEE071E2864109A00DAA5EB /* HistoryTableViewCell.xib in Resources */ = {isa = PBXBuildFile; fileRef = 3FEE071C2864109A00DAA5EB /* HistoryTableViewCell.xib */; };
		3FEE07212864234500DAA5EB /* ProfileVM.swift in Sources */ = {isa = PBXBuildFile; fileRef = 3FEE07202864234500DAA5EB /* ProfileVM.swift */; };
		3FEE0723286427A700DAA5EB /* GlobalPublisher.swift in Sources */ = {isa = PBXBuildFile; fileRef = 3FEE0722286427A700DAA5EB /* GlobalPublisher.swift */; };
		3FF1012328548E450048013A /* Nunito-Italic-VariableFont_wght.ttf in Resources */ = {isa = PBXBuildFile; fileRef = 3FF1012128548E430048013A /* Nunito-Italic-VariableFont_wght.ttf */; };
		3FF1012428548E470048013A /* Nunito-VariableFont_wght.ttf in Resources */ = {isa = PBXBuildFile; fileRef = 3FF1012228548E430048013A /* Nunito-VariableFont_wght.ttf */; };
		3FF10126285490E10048013A /* Trip.storyboard in Resources */ = {isa = PBXBuildFile; fileRef = 3FF10125285490E10048013A /* Trip.storyboard */; };
		3FF101282854913A0048013A /* DestinationPlanViewController.swift in Sources */ = {isa = PBXBuildFile; fileRef = 3FF101272854913A0048013A /* DestinationPlanViewController.swift */; };
		3FF1012E2854B5680048013A /* OnTripViewController.swift in Sources */ = {isa = PBXBuildFile; fileRef = 3FF1012D2854B5680048013A /* OnTripViewController.swift */; };
		3FF101302854B9F90048013A /* TransportRadioButton.xib in Resources */ = {isa = PBXBuildFile; fileRef = 3FF1012F2854B9F90048013A /* TransportRadioButton.xib */; };
		3FF101322854BA190048013A /* TransportRadioButton.swift in Sources */ = {isa = PBXBuildFile; fileRef = 3FF101312854BA190048013A /* TransportRadioButton.swift */; };
		3FF101352854BC0D0048013A /* ChooseTransportationViewController.swift in Sources */ = {isa = PBXBuildFile; fileRef = 3FF101332854BC0D0048013A /* ChooseTransportationViewController.swift */; };
		3FF101362854BC0D0048013A /* ChooseTransportationViewController.xib in Resources */ = {isa = PBXBuildFile; fileRef = 3FF101342854BC0D0048013A /* ChooseTransportationViewController.xib */; };
		3FF101392854BC200048013A /* CurrentTransportationViewController.swift in Sources */ = {isa = PBXBuildFile; fileRef = 3FF101372854BC200048013A /* CurrentTransportationViewController.swift */; };
		3FF1013A2854BC200048013A /* CurrentTransportationViewController.xib in Resources */ = {isa = PBXBuildFile; fileRef = 3FF101382854BC200048013A /* CurrentTransportationViewController.xib */; };
		3FF1013D2854BC2F0048013A /* TransportationCostViewController.swift in Sources */ = {isa = PBXBuildFile; fileRef = 3FF1013B2854BC2F0048013A /* TransportationCostViewController.swift */; };
		3FF1013E2854BC2F0048013A /* TransportationCostViewController.xib in Resources */ = {isa = PBXBuildFile; fileRef = 3FF1013C2854BC2F0048013A /* TransportationCostViewController.xib */; };
		3FF8DC9F2866B6A400EEE490 /* ShareOptionViewController.swift in Sources */ = {isa = PBXBuildFile; fileRef = 3FF8DC9E2866B6A400EEE490 /* ShareOptionViewController.swift */; };
		3FF8DCA12866FA3500EEE490 /* ReduceCarbonCardView.xib in Resources */ = {isa = PBXBuildFile; fileRef = 3FF8DCA02866FA3500EEE490 /* ReduceCarbonCardView.xib */; };
		3FF8DCA32866FA5500EEE490 /* ReduceCarbonCardView.swift in Sources */ = {isa = PBXBuildFile; fileRef = 3FF8DCA22866FA5500EEE490 /* ReduceCarbonCardView.swift */; };
		3FF8DCA528670A4B00EEE490 /* OffsetEntity.swift in Sources */ = {isa = PBXBuildFile; fileRef = 3FF8DCA428670A4B00EEE490 /* OffsetEntity.swift */; };
		A8411BE42865574A00C3B5E2 /* TripRepository.swift in Sources */ = {isa = PBXBuildFile; fileRef = A8411BE32865574A00C3B5E2 /* TripRepository.swift */; };
		A87463CC2854596D009AB0DC /* AppDelegate.swift in Sources */ = {isa = PBXBuildFile; fileRef = A87463CB2854596D009AB0DC /* AppDelegate.swift */; };
		A87463CE2854596D009AB0DC /* SceneDelegate.swift in Sources */ = {isa = PBXBuildFile; fileRef = A87463CD2854596D009AB0DC /* SceneDelegate.swift */; };
		A87463D02854596D009AB0DC /* DashboardViewController.swift in Sources */ = {isa = PBXBuildFile; fileRef = A87463CF2854596D009AB0DC /* DashboardViewController.swift */; };
		A87463D32854596D009AB0DC /* Main.storyboard in Resources */ = {isa = PBXBuildFile; fileRef = A87463D12854596D009AB0DC /* Main.storyboard */; };
		A87463D62854596D009AB0DC /* tracco.xcdatamodeld in Sources */ = {isa = PBXBuildFile; fileRef = A87463D42854596D009AB0DC /* tracco.xcdatamodeld */; };
		A87463D828545970009AB0DC /* Assets.xcassets in Resources */ = {isa = PBXBuildFile; fileRef = A87463D728545970009AB0DC /* Assets.xcassets */; };
		A87463DB28545970009AB0DC /* LaunchScreen.storyboard in Resources */ = {isa = PBXBuildFile; fileRef = A87463D928545970009AB0DC /* LaunchScreen.storyboard */; };
		A87463EA28546B74009AB0DC /* Dashboard.storyboard in Resources */ = {isa = PBXBuildFile; fileRef = A87463E928546B74009AB0DC /* Dashboard.storyboard */; };
		A87463EE28546D09009AB0DC /* Profile.storyboard in Resources */ = {isa = PBXBuildFile; fileRef = A87463ED28546D09009AB0DC /* Profile.storyboard */; };
		A87463F028546D4F009AB0DC /* HistoryViewController.swift in Sources */ = {isa = PBXBuildFile; fileRef = A87463EF28546D4F009AB0DC /* HistoryViewController.swift */; };
		A87463F228546D72009AB0DC /* ProfileViewController.swift in Sources */ = {isa = PBXBuildFile; fileRef = A87463F128546D72009AB0DC /* ProfileViewController.swift */; };
		A87463F428546D97009AB0DC /* History.storyboard in Resources */ = {isa = PBXBuildFile; fileRef = A87463F328546D97009AB0DC /* History.storyboard */; };
		A8814440285C183400EE1FA2 /* ReduceCarbonConciseCardView.xib in Resources */ = {isa = PBXBuildFile; fileRef = A881443F285C183400EE1FA2 /* ReduceCarbonConciseCardView.xib */; };
		A894047F286949940080D5D5 /* HistoryViewModel.swift in Sources */ = {isa = PBXBuildFile; fileRef = A894047E286949940080D5D5 /* HistoryViewModel.swift */; };
		A8AD59B128602D9A00104B58 /* CardInfoView.swift in Sources */ = {isa = PBXBuildFile; fileRef = A8AD59B028602D9A00104B58 /* CardInfoView.swift */; };
		A8AD59B928602DAA00104B58 /* TripDetailViewController.swift in Sources */ = {isa = PBXBuildFile; fileRef = A8AD59B228602DAA00104B58 /* TripDetailViewController.swift */; };
		A8AD59BA28602DAA00104B58 /* Summary.storyboard in Resources */ = {isa = PBXBuildFile; fileRef = A8AD59B328602DAA00104B58 /* Summary.storyboard */; };
		A8AD59BB28602DAA00104B58 /* SummaryViewController.swift in Sources */ = {isa = PBXBuildFile; fileRef = A8AD59B428602DAA00104B58 /* SummaryViewController.swift */; };
		A8AD59BC28602DAA00104B58 /* CardInfoView.xib in Resources */ = {isa = PBXBuildFile; fileRef = A8AD59B528602DAA00104B58 /* CardInfoView.xib */; };
		A8AD59BD28602DAA00104B58 /* TripDetailContentView.swift in Sources */ = {isa = PBXBuildFile; fileRef = A8AD59B628602DAA00104B58 /* TripDetailContentView.swift */; };
		A8AD59BE28602DAA00104B58 /* SummaryDetailViewController.swift in Sources */ = {isa = PBXBuildFile; fileRef = A8AD59B728602DAA00104B58 /* SummaryDetailViewController.swift */; };
		A8AD59BF28602DAA00104B58 /* TripDetailContentView.xib in Resources */ = {isa = PBXBuildFile; fileRef = A8AD59B828602DAA00104B58 /* TripDetailContentView.xib */; };
		A8CC9D782859894E00F30DBE /* HomeNoTripViewController.swift in Sources */ = {isa = PBXBuildFile; fileRef = A8CC9D772859894E00F30DBE /* HomeNoTripViewController.swift */; };
		A8CC9D7A2859899500F30DBE /* HomeTripViewController.swift in Sources */ = {isa = PBXBuildFile; fileRef = A8CC9D792859899500F30DBE /* HomeTripViewController.swift */; };
		A8CC9D7C28598DD300F30DBE /* DashboardVM.swift in Sources */ = {isa = PBXBuildFile; fileRef = A8CC9D7B28598DD300F30DBE /* DashboardVM.swift */; };
		A8CC9D82285A307D00F30DBE /* Extensions.swift in Sources */ = {isa = PBXBuildFile; fileRef = A8CC9D81285A307D00F30DBE /* Extensions.swift */; };
		A8D70B0228695DE1006AB7E1 /* LatestTripVM.swift in Sources */ = {isa = PBXBuildFile; fileRef = A8D70B0128695DE1006AB7E1 /* LatestTripVM.swift */; };
		A8D70B0428696BC3006AB7E1 /* AnimTabBarController.swift in Sources */ = {isa = PBXBuildFile; fileRef = A8D70B0328696BC3006AB7E1 /* AnimTabBarController.swift */; };
		A8FB37C02856D6150057F6A3 /* Onboarding.storyboard in Resources */ = {isa = PBXBuildFile; fileRef = A8FB37BF2856D6150057F6A3 /* Onboarding.storyboard */; };
		A8FB37C22856E0840057F6A3 /* SlidingOnboardingViewController.swift in Sources */ = {isa = PBXBuildFile; fileRef = A8FB37C12856E0840057F6A3 /* SlidingOnboardingViewController.swift */; };
		A8FB37C42856E7240057F6A3 /* UserKeyStore.swift in Sources */ = {isa = PBXBuildFile; fileRef = A8FB37C32856E7240057F6A3 /* UserKeyStore.swift */; };
		A8FB37C62856FA430057F6A3 /* AllowNotificationViewController.swift in Sources */ = {isa = PBXBuildFile; fileRef = A8FB37C52856FA430057F6A3 /* AllowNotificationViewController.swift */; };
		A8FB37CA2856FEAF0057F6A3 /* CloudKit.framework in Frameworks */ = {isa = PBXBuildFile; fileRef = A8FB37C92856FEAF0057F6A3 /* CloudKit.framework */; };
		D9DF37802860329400CA9F9C /* HistoryTripViewController.swift in Sources */ = {isa = PBXBuildFile; fileRef = D9DF377F2860329400CA9F9C /* HistoryTripViewController.swift */; };
/* End PBXBuildFile section */

/* Begin PBXFileReference section */
		3B2BA0742860369500104AAF /* SumProfileViewController.swift */ = {isa = PBXFileReference; lastKnownFileType = sourcecode.swift; path = SumProfileViewController.swift; sourceTree = "<group>"; };
		3B9293EF2860B0CE005EF46E /* ReduceCarbonConciseCardView.swift */ = {isa = PBXFileReference; fileEncoding = 4; lastKnownFileType = sourcecode.swift; path = ReduceCarbonConciseCardView.swift; sourceTree = "<group>"; };
		3F08353A286B6A8F006F3C99 /* Settings.bundle */ = {isa = PBXFileReference; lastKnownFileType = "wrapper.plug-in"; path = Settings.bundle; sourceTree = "<group>"; };
		3F0BD0C0286568770049925B /* ShareViewController.swift */ = {isa = PBXFileReference; lastKnownFileType = sourcecode.swift; path = ShareViewController.swift; sourceTree = "<group>"; };
		3F0BD0C1286568770049925B /* ShareViewController.xib */ = {isa = PBXFileReference; lastKnownFileType = file.xib; path = ShareViewController.xib; sourceTree = "<group>"; };
		3F0BD0C4286604590049925B /* LongCardInfoView.xib */ = {isa = PBXFileReference; lastKnownFileType = file.xib; path = LongCardInfoView.xib; sourceTree = "<group>"; };
		3F0BD0C6286604660049925B /* LongCardInfoView.swift */ = {isa = PBXFileReference; lastKnownFileType = sourcecode.swift; path = LongCardInfoView.swift; sourceTree = "<group>"; };
		3F0E2CBB285856A100E7160C /* ChooseChangeTransportBase.swift */ = {isa = PBXFileReference; fileEncoding = 4; lastKnownFileType = sourcecode.swift; path = ChooseChangeTransportBase.swift; sourceTree = "<group>"; };
		3F1877882872D811009684A6 /* AppAlertAction.swift */ = {isa = PBXFileReference; lastKnownFileType = sourcecode.swift; path = AppAlertAction.swift; sourceTree = "<group>"; };
		3F18778A2872E6FE009684A6 /* SystemDevice.swift */ = {isa = PBXFileReference; lastKnownFileType = sourcecode.swift; path = SystemDevice.swift; sourceTree = "<group>"; };
		3F18778E28730FD9009684A6 /* LocationPermissionAlertNotifier.swift */ = {isa = PBXFileReference; lastKnownFileType = sourcecode.swift; path = LocationPermissionAlertNotifier.swift; sourceTree = "<group>"; };
		3F187790287329C1009684A6 /* NotificationTrigger.swift */ = {isa = PBXFileReference; lastKnownFileType = sourcecode.swift; path = NotificationTrigger.swift; sourceTree = "<group>"; };
		3F3131DC28635499005B7640 /* UserDefaults.swift */ = {isa = PBXFileReference; lastKnownFileType = sourcecode.swift; path = UserDefaults.swift; sourceTree = "<group>"; };
		3F3131E0286359AA005B7640 /* ProfileModel.swift */ = {isa = PBXFileReference; lastKnownFileType = sourcecode.swift; path = ProfileModel.swift; sourceTree = "<group>"; };
		3F3131E228635C84005B7640 /* CO2ETimer.swift */ = {isa = PBXFileReference; lastKnownFileType = sourcecode.swift; path = CO2ETimer.swift; sourceTree = "<group>"; };
		3F3131E428635D50005B7640 /* TimeFrequency.swift */ = {isa = PBXFileReference; lastKnownFileType = sourcecode.swift; path = TimeFrequency.swift; sourceTree = "<group>"; };
		3F3131E828638812005B7640 /* SummaryHeaderTripViewController.swift */ = {isa = PBXFileReference; lastKnownFileType = sourcecode.swift; path = SummaryHeaderTripViewController.swift; sourceTree = "<group>"; };
		3F3131EA28638924005B7640 /* SummaryHistoryVM.swift */ = {isa = PBXFileReference; lastKnownFileType = sourcecode.swift; path = SummaryHistoryVM.swift; sourceTree = "<group>"; };
		3F4D588D2859CEE200F6D19B /* RoundingDigit.swift */ = {isa = PBXFileReference; lastKnownFileType = sourcecode.swift; path = RoundingDigit.swift; sourceTree = "<group>"; };
		3F7B6C7F2860C73100529CD3 /* HistoryTableViewCell.swift */ = {isa = PBXFileReference; lastKnownFileType = sourcecode.swift; path = HistoryTableViewCell.swift; sourceTree = "<group>"; };
		3F84CB67285E163500EFDD71 /* SummaryVM.swift */ = {isa = PBXFileReference; lastKnownFileType = sourcecode.swift; path = SummaryVM.swift; sourceTree = "<group>"; };
		3F94CCBC2858581300BD5176 /* AlertPresentationController.swift */ = {isa = PBXFileReference; fileEncoding = 4; lastKnownFileType = sourcecode.swift; path = AlertPresentationController.swift; sourceTree = "<group>"; };
		3F94CCBD2858581300BD5176 /* FocusPresentationController.swift */ = {isa = PBXFileReference; fileEncoding = 4; lastKnownFileType = sourcecode.swift; path = FocusPresentationController.swift; sourceTree = "<group>"; };
		3F94CCBE2858581300BD5176 /* ChangeTransportViewController.xib */ = {isa = PBXFileReference; fileEncoding = 4; lastKnownFileType = file.xib; path = ChangeTransportViewController.xib; sourceTree = "<group>"; };
		3F94CCBF2858581300BD5176 /* SheetPresentationController.swift */ = {isa = PBXFileReference; fileEncoding = 4; lastKnownFileType = sourcecode.swift; path = SheetPresentationController.swift; sourceTree = "<group>"; };
		3F94CCC02858581300BD5176 /* ChangeTransportViewController.swift */ = {isa = PBXFileReference; fileEncoding = 4; lastKnownFileType = sourcecode.swift; path = ChangeTransportViewController.swift; sourceTree = "<group>"; };
		3F94CCC12858581300BD5176 /* TransportAnnotation.swift */ = {isa = PBXFileReference; fileEncoding = 4; lastKnownFileType = sourcecode.swift; path = TransportAnnotation.swift; sourceTree = "<group>"; };
		3F94CCC22858581300BD5176 /* MoovitAPI.swift */ = {isa = PBXFileReference; fileEncoding = 4; lastKnownFileType = sourcecode.swift; path = MoovitAPI.swift; sourceTree = "<group>"; };
		3F94CCC32858581300BD5176 /* ViewHelper.swift */ = {isa = PBXFileReference; fileEncoding = 4; lastKnownFileType = sourcecode.swift; path = ViewHelper.swift; sourceTree = "<group>"; };
		3F94CCC42858581300BD5176 /* TransportAnnotationView.swift */ = {isa = PBXFileReference; fileEncoding = 4; lastKnownFileType = sourcecode.swift; path = TransportAnnotationView.swift; sourceTree = "<group>"; };
		3F94CCD32858591C00BD5176 /* TransportRadioButtonVM.swift */ = {isa = PBXFileReference; fileEncoding = 4; lastKnownFileType = sourcecode.swift; path = TransportRadioButtonVM.swift; sourceTree = "<group>"; };
		3F94CCD42858591C00BD5176 /* OnTripVM.swift */ = {isa = PBXFileReference; fileEncoding = 4; lastKnownFileType = sourcecode.swift; path = OnTripVM.swift; sourceTree = "<group>"; };
		3F94CCD52858591C00BD5176 /* DestinationPlanVM.swift */ = {isa = PBXFileReference; fileEncoding = 4; lastKnownFileType = sourcecode.swift; path = DestinationPlanVM.swift; sourceTree = "<group>"; };
		3F94CCDF2858599B00BD5176 /* RadioButtonManager.swift */ = {isa = PBXFileReference; fileEncoding = 4; lastKnownFileType = sourcecode.swift; path = RadioButtonManager.swift; sourceTree = "<group>"; };
		3F94CCE02858599B00BD5176 /* SystemUnits.swift */ = {isa = PBXFileReference; fileEncoding = 4; lastKnownFileType = sourcecode.swift; path = SystemUnits.swift; sourceTree = "<group>"; };
		3F94CCE12858599B00BD5176 /* CO2E.swift */ = {isa = PBXFileReference; fileEncoding = 4; lastKnownFileType = sourcecode.swift; path = CO2E.swift; sourceTree = "<group>"; };
		3F94CCE5285859D200BD5176 /* TransportationCostVM.swift */ = {isa = PBXFileReference; fileEncoding = 4; lastKnownFileType = sourcecode.swift; path = TransportationCostVM.swift; sourceTree = "<group>"; };
		3F94CCE7285859DB00BD5176 /* ViewAccessory.swift */ = {isa = PBXFileReference; fileEncoding = 4; lastKnownFileType = sourcecode.swift; path = ViewAccessory.swift; sourceTree = "<group>"; };
		3F9E56C3286844F100A566C6 /* PartsOfDay.swift */ = {isa = PBXFileReference; lastKnownFileType = sourcecode.swift; path = PartsOfDay.swift; sourceTree = "<group>"; };
		3F9E56C52868A2C600A566C6 /* SearchSpeechButton.xib */ = {isa = PBXFileReference; lastKnownFileType = file.xib; path = SearchSpeechButton.xib; sourceTree = "<group>"; };
		3F9E56C72868A5E400A566C6 /* SearchSpeechButton.swift */ = {isa = PBXFileReference; lastKnownFileType = sourcecode.swift; path = SearchSpeechButton.swift; sourceTree = "<group>"; };
		3F9FE8952869FEB500784B2D /* OnGoingTripSheet.xib */ = {isa = PBXFileReference; lastKnownFileType = file.xib; path = OnGoingTripSheet.xib; sourceTree = "<group>"; };
		3F9FE897286A15BA00784B2D /* OnGoingTripSheet.swift */ = {isa = PBXFileReference; lastKnownFileType = sourcecode.swift; path = OnGoingTripSheet.swift; sourceTree = "<group>"; };
		3FA0FE78286B04D60002D514 /* SummarizingViewController.swift */ = {isa = PBXFileReference; lastKnownFileType = sourcecode.swift; path = SummarizingViewController.swift; sourceTree = "<group>"; };
		3FA0FE7D286B10900002D514 /* LottieFactory.swift */ = {isa = PBXFileReference; lastKnownFileType = sourcecode.swift; path = LottieFactory.swift; sourceTree = "<group>"; };
		3FA0FE83286B23FC0002D514 /* SplashViewController.swift */ = {isa = PBXFileReference; lastKnownFileType = sourcecode.swift; path = SplashViewController.swift; sourceTree = "<group>"; };
		3FA0FE84286B23FC0002D514 /* SplashViewController.xib */ = {isa = PBXFileReference; lastKnownFileType = file.xib; path = SplashViewController.xib; sourceTree = "<group>"; };
		3FA0FE87286B33F70002D514 /* UIImageView+AnimationCompletionBlock.swift */ = {isa = PBXFileReference; lastKnownFileType = sourcecode.swift; path = "UIImageView+AnimationCompletionBlock.swift"; sourceTree = "<group>"; };
		3FA131712871541600C67D2A /* ULProcessor.swift */ = {isa = PBXFileReference; lastKnownFileType = sourcecode.swift; path = ULProcessor.swift; sourceTree = "<group>"; };
		3FA3E8922855AD1D006DCE5D /* AppAlertController.swift */ = {isa = PBXFileReference; lastKnownFileType = sourcecode.swift; path = AppAlertController.swift; sourceTree = "<group>"; };
		3FA3E8932855AD1D006DCE5D /* AppAlertController.xib */ = {isa = PBXFileReference; lastKnownFileType = file.xib; path = AppAlertController.xib; sourceTree = "<group>"; };
		3FA4A8522868AF7B0094D8CD /* SearchLocationViewController.swift */ = {isa = PBXFileReference; lastKnownFileType = sourcecode.swift; path = SearchLocationViewController.swift; sourceTree = "<group>"; };
		3FA4A8542868BBD90094D8CD /* LocationTableViewCell.swift */ = {isa = PBXFileReference; lastKnownFileType = sourcecode.swift; path = LocationTableViewCell.swift; sourceTree = "<group>"; };
		3FA4A856286952130094D8CD /* SpeechDictationViewController.swift */ = {isa = PBXFileReference; lastKnownFileType = sourcecode.swift; path = SpeechDictationViewController.swift; sourceTree = "<group>"; };
		3FA4A857286952130094D8CD /* SpeechDictationViewController.xib */ = {isa = PBXFileReference; lastKnownFileType = file.xib; path = SpeechDictationViewController.xib; sourceTree = "<group>"; };
		3FA4A85C28699FA70094D8CD /* TransitPath.swift */ = {isa = PBXFileReference; fileEncoding = 4; lastKnownFileType = sourcecode.swift; path = TransitPath.swift; sourceTree = "<group>"; };
		3FA4A85E2869BAB50094D8CD /* TripModel.swift */ = {isa = PBXFileReference; lastKnownFileType = sourcecode.swift; path = TripModel.swift; sourceTree = "<group>"; };
		3FC8259F2856177C0074B88D /* TransportType.swift */ = {isa = PBXFileReference; fileEncoding = 4; lastKnownFileType = sourcecode.swift; name = TransportType.swift; path = tracco/Utils/TransportType.swift; sourceTree = SOURCE_ROOT; };
		3FC88A73285B24680022BA2C /* TransitModel.swift */ = {isa = PBXFileReference; lastKnownFileType = sourcecode.swift; path = TransitModel.swift; sourceTree = "<group>"; };
		3FCB1225286D6B4F00E9A348 /* TransportCalloutView.xib */ = {isa = PBXFileReference; lastKnownFileType = file.xib; path = TransportCalloutView.xib; sourceTree = "<group>"; };
		3FCB1227286D6E9D00E9A348 /* TransportCalloutView.swift */ = {isa = PBXFileReference; lastKnownFileType = sourcecode.swift; path = TransportCalloutView.swift; sourceTree = "<group>"; };
		3FCB1229286D89AD00E9A348 /* TransportCalloutOngoingView.xib */ = {isa = PBXFileReference; lastKnownFileType = file.xib; path = TransportCalloutOngoingView.xib; sourceTree = "<group>"; };
		3FCB122B286D8B1100E9A348 /* TransportCalloutOngoingView.swift */ = {isa = PBXFileReference; lastKnownFileType = sourcecode.swift; path = TransportCalloutOngoingView.swift; sourceTree = "<group>"; };
		3FCB122D286D8FA500E9A348 /* TripTableViewController.swift */ = {isa = PBXFileReference; lastKnownFileType = sourcecode.swift; path = TripTableViewController.swift; sourceTree = "<group>"; };
		3FECBAF828622DA900444E5D /* StateBackgroundButton.swift */ = {isa = PBXFileReference; lastKnownFileType = sourcecode.swift; path = StateBackgroundButton.swift; sourceTree = "<group>"; };
		3FEE071C2864109A00DAA5EB /* HistoryTableViewCell.xib */ = {isa = PBXFileReference; lastKnownFileType = file.xib; path = HistoryTableViewCell.xib; sourceTree = "<group>"; };
		3FEE07202864234500DAA5EB /* ProfileVM.swift */ = {isa = PBXFileReference; lastKnownFileType = sourcecode.swift; path = ProfileVM.swift; sourceTree = "<group>"; };
		3FEE0722286427A700DAA5EB /* GlobalPublisher.swift */ = {isa = PBXFileReference; lastKnownFileType = sourcecode.swift; path = GlobalPublisher.swift; sourceTree = "<group>"; };
		3FF1012128548E430048013A /* Nunito-Italic-VariableFont_wght.ttf */ = {isa = PBXFileReference; lastKnownFileType = file; path = "Nunito-Italic-VariableFont_wght.ttf"; sourceTree = "<group>"; };
		3FF1012228548E430048013A /* Nunito-VariableFont_wght.ttf */ = {isa = PBXFileReference; lastKnownFileType = file; path = "Nunito-VariableFont_wght.ttf"; sourceTree = "<group>"; };
		3FF10125285490E10048013A /* Trip.storyboard */ = {isa = PBXFileReference; lastKnownFileType = file.storyboard; path = Trip.storyboard; sourceTree = "<group>"; };
		3FF101272854913A0048013A /* DestinationPlanViewController.swift */ = {isa = PBXFileReference; lastKnownFileType = sourcecode.swift; path = DestinationPlanViewController.swift; sourceTree = "<group>"; };
		3FF1012D2854B5680048013A /* OnTripViewController.swift */ = {isa = PBXFileReference; lastKnownFileType = sourcecode.swift; path = OnTripViewController.swift; sourceTree = "<group>"; };
		3FF1012F2854B9F90048013A /* TransportRadioButton.xib */ = {isa = PBXFileReference; lastKnownFileType = file.xib; path = TransportRadioButton.xib; sourceTree = "<group>"; };
		3FF101312854BA190048013A /* TransportRadioButton.swift */ = {isa = PBXFileReference; lastKnownFileType = sourcecode.swift; path = TransportRadioButton.swift; sourceTree = "<group>"; };
		3FF101332854BC0D0048013A /* ChooseTransportationViewController.swift */ = {isa = PBXFileReference; lastKnownFileType = sourcecode.swift; path = ChooseTransportationViewController.swift; sourceTree = "<group>"; };
		3FF101342854BC0D0048013A /* ChooseTransportationViewController.xib */ = {isa = PBXFileReference; lastKnownFileType = file.xib; path = ChooseTransportationViewController.xib; sourceTree = "<group>"; };
		3FF101372854BC200048013A /* CurrentTransportationViewController.swift */ = {isa = PBXFileReference; lastKnownFileType = sourcecode.swift; path = CurrentTransportationViewController.swift; sourceTree = "<group>"; };
		3FF101382854BC200048013A /* CurrentTransportationViewController.xib */ = {isa = PBXFileReference; lastKnownFileType = file.xib; path = CurrentTransportationViewController.xib; sourceTree = "<group>"; };
		3FF1013B2854BC2F0048013A /* TransportationCostViewController.swift */ = {isa = PBXFileReference; lastKnownFileType = sourcecode.swift; path = TransportationCostViewController.swift; sourceTree = "<group>"; };
		3FF1013C2854BC2F0048013A /* TransportationCostViewController.xib */ = {isa = PBXFileReference; lastKnownFileType = file.xib; path = TransportationCostViewController.xib; sourceTree = "<group>"; };
		3FF8DC9E2866B6A400EEE490 /* ShareOptionViewController.swift */ = {isa = PBXFileReference; lastKnownFileType = sourcecode.swift; path = ShareOptionViewController.swift; sourceTree = "<group>"; };
		3FF8DCA02866FA3500EEE490 /* ReduceCarbonCardView.xib */ = {isa = PBXFileReference; lastKnownFileType = file.xib; path = ReduceCarbonCardView.xib; sourceTree = "<group>"; };
		3FF8DCA22866FA5500EEE490 /* ReduceCarbonCardView.swift */ = {isa = PBXFileReference; lastKnownFileType = sourcecode.swift; path = ReduceCarbonCardView.swift; sourceTree = "<group>"; };
		3FF8DCA428670A4B00EEE490 /* OffsetEntity.swift */ = {isa = PBXFileReference; lastKnownFileType = sourcecode.swift; path = OffsetEntity.swift; sourceTree = "<group>"; };
		A8411BDF2865562600C3B5E2 /* TransitPath.swift */ = {isa = PBXFileReference; fileEncoding = 4; lastKnownFileType = sourcecode.swift; path = TransitPath.swift; sourceTree = "<group>"; };
		A8411BE32865574A00C3B5E2 /* TripRepository.swift */ = {isa = PBXFileReference; lastKnownFileType = sourcecode.swift; path = TripRepository.swift; sourceTree = "<group>"; };
		A87463C82854596D009AB0DC /* tracco.app */ = {isa = PBXFileReference; explicitFileType = wrapper.application; includeInIndex = 0; path = tracco.app; sourceTree = BUILT_PRODUCTS_DIR; };
		A87463CB2854596D009AB0DC /* AppDelegate.swift */ = {isa = PBXFileReference; lastKnownFileType = sourcecode.swift; path = AppDelegate.swift; sourceTree = "<group>"; };
		A87463CD2854596D009AB0DC /* SceneDelegate.swift */ = {isa = PBXFileReference; lastKnownFileType = sourcecode.swift; path = SceneDelegate.swift; sourceTree = "<group>"; };
		A87463CF2854596D009AB0DC /* DashboardViewController.swift */ = {isa = PBXFileReference; lastKnownFileType = sourcecode.swift; path = DashboardViewController.swift; sourceTree = "<group>"; };
		A87463D22854596D009AB0DC /* Base */ = {isa = PBXFileReference; lastKnownFileType = file.storyboard; name = Base; path = Base.lproj/Main.storyboard; sourceTree = "<group>"; };
		A87463D52854596D009AB0DC /* tracco.xcdatamodel */ = {isa = PBXFileReference; lastKnownFileType = wrapper.xcdatamodel; path = tracco.xcdatamodel; sourceTree = "<group>"; };
		A87463D728545970009AB0DC /* Assets.xcassets */ = {isa = PBXFileReference; lastKnownFileType = folder.assetcatalog; path = Assets.xcassets; sourceTree = "<group>"; };
		A87463DA28545970009AB0DC /* Base */ = {isa = PBXFileReference; lastKnownFileType = file.storyboard; name = Base; path = Base.lproj/LaunchScreen.storyboard; sourceTree = "<group>"; };
		A87463DC28545970009AB0DC /* Info.plist */ = {isa = PBXFileReference; lastKnownFileType = text.plist.xml; path = Info.plist; sourceTree = "<group>"; };
		A87463E928546B74009AB0DC /* Dashboard.storyboard */ = {isa = PBXFileReference; lastKnownFileType = file.storyboard; path = Dashboard.storyboard; sourceTree = "<group>"; };
		A87463ED28546D09009AB0DC /* Profile.storyboard */ = {isa = PBXFileReference; lastKnownFileType = file.storyboard; path = Profile.storyboard; sourceTree = "<group>"; };
		A87463EF28546D4F009AB0DC /* HistoryViewController.swift */ = {isa = PBXFileReference; lastKnownFileType = sourcecode.swift; path = HistoryViewController.swift; sourceTree = "<group>"; };
		A87463F128546D72009AB0DC /* ProfileViewController.swift */ = {isa = PBXFileReference; lastKnownFileType = sourcecode.swift; path = ProfileViewController.swift; sourceTree = "<group>"; };
		A87463F328546D97009AB0DC /* History.storyboard */ = {isa = PBXFileReference; lastKnownFileType = file.storyboard; path = History.storyboard; sourceTree = "<group>"; };
		A881443F285C183400EE1FA2 /* ReduceCarbonConciseCardView.xib */ = {isa = PBXFileReference; lastKnownFileType = file.xib; name = ReduceCarbonConciseCardView.xib; path = ../../Utils/Helper/ReduceCarbonConciseCardView.xib; sourceTree = "<group>"; };
		A894047E286949940080D5D5 /* HistoryViewModel.swift */ = {isa = PBXFileReference; lastKnownFileType = sourcecode.swift; path = HistoryViewModel.swift; sourceTree = "<group>"; };
		A8AD59B028602D9A00104B58 /* CardInfoView.swift */ = {isa = PBXFileReference; fileEncoding = 4; lastKnownFileType = sourcecode.swift; path = CardInfoView.swift; sourceTree = "<group>"; };
		A8AD59B228602DAA00104B58 /* TripDetailViewController.swift */ = {isa = PBXFileReference; fileEncoding = 4; lastKnownFileType = sourcecode.swift; path = TripDetailViewController.swift; sourceTree = "<group>"; };
		A8AD59B328602DAA00104B58 /* Summary.storyboard */ = {isa = PBXFileReference; fileEncoding = 4; lastKnownFileType = file.storyboard; path = Summary.storyboard; sourceTree = "<group>"; };
		A8AD59B428602DAA00104B58 /* SummaryViewController.swift */ = {isa = PBXFileReference; fileEncoding = 4; lastKnownFileType = sourcecode.swift; path = SummaryViewController.swift; sourceTree = "<group>"; };
		A8AD59B528602DAA00104B58 /* CardInfoView.xib */ = {isa = PBXFileReference; fileEncoding = 4; lastKnownFileType = file.xib; path = CardInfoView.xib; sourceTree = "<group>"; };
		A8AD59B628602DAA00104B58 /* TripDetailContentView.swift */ = {isa = PBXFileReference; fileEncoding = 4; lastKnownFileType = sourcecode.swift; path = TripDetailContentView.swift; sourceTree = "<group>"; };
		A8AD59B728602DAA00104B58 /* SummaryDetailViewController.swift */ = {isa = PBXFileReference; fileEncoding = 4; lastKnownFileType = sourcecode.swift; path = SummaryDetailViewController.swift; sourceTree = "<group>"; };
		A8AD59B828602DAA00104B58 /* TripDetailContentView.xib */ = {isa = PBXFileReference; fileEncoding = 4; lastKnownFileType = file.xib; path = TripDetailContentView.xib; sourceTree = "<group>"; };
		A8CC9D772859894E00F30DBE /* HomeNoTripViewController.swift */ = {isa = PBXFileReference; lastKnownFileType = sourcecode.swift; path = HomeNoTripViewController.swift; sourceTree = "<group>"; };
		A8CC9D792859899500F30DBE /* HomeTripViewController.swift */ = {isa = PBXFileReference; lastKnownFileType = sourcecode.swift; path = HomeTripViewController.swift; sourceTree = "<group>"; };
		A8CC9D7B28598DD300F30DBE /* DashboardVM.swift */ = {isa = PBXFileReference; lastKnownFileType = sourcecode.swift; path = DashboardVM.swift; sourceTree = "<group>"; };
		A8CC9D81285A307D00F30DBE /* Extensions.swift */ = {isa = PBXFileReference; lastKnownFileType = sourcecode.swift; path = Extensions.swift; sourceTree = "<group>"; };
		A8D70B0128695DE1006AB7E1 /* LatestTripVM.swift */ = {isa = PBXFileReference; lastKnownFileType = sourcecode.swift; path = LatestTripVM.swift; sourceTree = "<group>"; };
		A8D70B0328696BC3006AB7E1 /* AnimTabBarController.swift */ = {isa = PBXFileReference; lastKnownFileType = sourcecode.swift; path = AnimTabBarController.swift; sourceTree = "<group>"; };
		A8FB37BF2856D6150057F6A3 /* Onboarding.storyboard */ = {isa = PBXFileReference; lastKnownFileType = file.storyboard; path = Onboarding.storyboard; sourceTree = "<group>"; };
		A8FB37C12856E0840057F6A3 /* SlidingOnboardingViewController.swift */ = {isa = PBXFileReference; lastKnownFileType = sourcecode.swift; path = SlidingOnboardingViewController.swift; sourceTree = "<group>"; };
		A8FB37C32856E7240057F6A3 /* UserKeyStore.swift */ = {isa = PBXFileReference; lastKnownFileType = sourcecode.swift; path = UserKeyStore.swift; sourceTree = "<group>"; };
		A8FB37C52856FA430057F6A3 /* AllowNotificationViewController.swift */ = {isa = PBXFileReference; lastKnownFileType = sourcecode.swift; path = AllowNotificationViewController.swift; sourceTree = "<group>"; };
		A8FB37C72856FEAC0057F6A3 /* tracco.entitlements */ = {isa = PBXFileReference; lastKnownFileType = text.plist.entitlements; path = tracco.entitlements; sourceTree = "<group>"; };
		A8FB37C92856FEAF0057F6A3 /* CloudKit.framework */ = {isa = PBXFileReference; lastKnownFileType = wrapper.framework; name = CloudKit.framework; path = System/Library/Frameworks/CloudKit.framework; sourceTree = SDKROOT; };
		D9DF377F2860329400CA9F9C /* HistoryTripViewController.swift */ = {isa = PBXFileReference; lastKnownFileType = sourcecode.swift; path = HistoryTripViewController.swift; sourceTree = "<group>"; };
/* End PBXFileReference section */

/* Begin PBXFrameworksBuildPhase section */
		A87463C52854596D009AB0DC /* Frameworks */ = {
			isa = PBXFrameworksBuildPhase;
			buildActionMask = 2147483647;
			files = (
				A8FB37CA2856FEAF0057F6A3 /* CloudKit.framework in Frameworks */,
				3FA0FE7C286B07570002D514 /* Lottie in Frameworks */,
			);
			runOnlyForDeploymentPostprocessing = 0;
		};
/* End PBXFrameworksBuildPhase section */

/* Begin PBXGroup section */
		3F84CB66285E160E00EFDD71 /* History */ = {
			isa = PBXGroup;
			children = (
				3F84CB67285E163500EFDD71 /* SummaryVM.swift */,
				3F3131EA28638924005B7640 /* SummaryHistoryVM.swift */,
				A894047E286949940080D5D5 /* HistoryViewModel.swift */,
			);
			path = History;
			sourceTree = "<group>";
		};
		3F94CCCE2858589200BD5176 /* Model */ = {
			isa = PBXGroup;
			children = (
				3FA4A85C28699FA70094D8CD /* TransitPath.swift */,
				3FC88A73285B24680022BA2C /* TransitModel.swift */,
				3F3131E0286359AA005B7640 /* ProfileModel.swift */,
				3FA4A85E2869BAB50094D8CD /* TripModel.swift */,
			);
			path = Model;
			sourceTree = "<group>";
		};
		3F94CCD0285858C400BD5176 /* ViewModel */ = {
			isa = PBXGroup;
			children = (
				3FEE071F2864232D00DAA5EB /* Profile */,
				3F84CB66285E160E00EFDD71 /* History */,
				3F94CCD2285858FF00BD5176 /* Dashboard */,
			);
			path = ViewModel;
			sourceTree = "<group>";
		};
		3F94CCD2285858FF00BD5176 /* Dashboard */ = {
			isa = PBXGroup;
			children = (
				3F94CCD52858591C00BD5176 /* DestinationPlanVM.swift */,
				3F94CCD42858591C00BD5176 /* OnTripVM.swift */,
				3F94CCD32858591C00BD5176 /* TransportRadioButtonVM.swift */,
				3F94CCE5285859D200BD5176 /* TransportationCostVM.swift */,
				A8CC9D7B28598DD300F30DBE /* DashboardVM.swift */,
				A8D70B0128695DE1006AB7E1 /* LatestTripVM.swift */,
			);
			path = Dashboard;
			sourceTree = "<group>";
		};
		3FEE071F2864232D00DAA5EB /* Profile */ = {
			isa = PBXGroup;
			children = (
				3FEE07202864234500DAA5EB /* ProfileVM.swift */,
			);
			path = Profile;
			sourceTree = "<group>";
		};
		3FF1012028548E3C0048013A /* Fonts */ = {
			isa = PBXGroup;
			children = (
				3FF1012128548E430048013A /* Nunito-Italic-VariableFont_wght.ttf */,
				3FF1012228548E430048013A /* Nunito-VariableFont_wght.ttf */,
			);
			path = Fonts;
			sourceTree = "<group>";
		};
		A8411BE12865570F00C3B5E2 /* Repository */ = {
			isa = PBXGroup;
			children = (
				A8411BE32865574A00C3B5E2 /* TripRepository.swift */,
			);
			path = Repository;
			sourceTree = "<group>";
		};
		A87463BF2854596D009AB0DC = {
			isa = PBXGroup;
			children = (
				3F08353A286B6A8F006F3C99 /* Settings.bundle */,
				A87463CA2854596D009AB0DC /* tracco */,
				A87463C92854596D009AB0DC /* Products */,
				A8FB37C82856FEAF0057F6A3 /* Frameworks */,
				A8D70B0028695CE5006AB7E1 /* Recovered References */,
			);
			sourceTree = "<group>";
		};
		A87463C92854596D009AB0DC /* Products */ = {
			isa = PBXGroup;
			children = (
				A87463C82854596D009AB0DC /* tracco.app */,
			);
			name = Products;
			sourceTree = "<group>";
		};
		A87463CA2854596D009AB0DC /* tracco */ = {
			isa = PBXGroup;
			children = (
				A8FB37C72856FEAC0057F6A3 /* tracco.entitlements */,
				3FF1012028548E3C0048013A /* Fonts */,
				A87463E6285469B4009AB0DC /* Utils */,
				A87463E5285469AE009AB0DC /* Data */,
				3F94CCD0285858C400BD5176 /* ViewModel */,
				A87463E32854695C009AB0DC /* UI */,
				A87463CB2854596D009AB0DC /* AppDelegate.swift */,
				A87463CD2854596D009AB0DC /* SceneDelegate.swift */,
				A87463D728545970009AB0DC /* Assets.xcassets */,
				A87463DC28545970009AB0DC /* Info.plist */,
				A87463D42854596D009AB0DC /* tracco.xcdatamodeld */,
			);
			path = tracco;
			sourceTree = "<group>";
		};
		A87463E32854695C009AB0DC /* UI */ = {
			isa = PBXGroup;
			children = (
				3FCB122D286D8FA500E9A348 /* TripTableViewController.swift */,
				A8AD59B528602DAA00104B58 /* CardInfoView.xib */,
				A8AD59B028602D9A00104B58 /* CardInfoView.swift */,
				3F0BD0C4286604590049925B /* LongCardInfoView.xib */,
				3F0BD0C6286604660049925B /* LongCardInfoView.swift */,
				3FA3E8932855AD1D006DCE5D /* AppAlertController.xib */,
				3FA3E8922855AD1D006DCE5D /* AppAlertController.swift */,
				3F1877882872D811009684A6 /* AppAlertAction.swift */,
				3F9E56C52868A2C600A566C6 /* SearchSpeechButton.xib */,
				3F9E56C72868A5E400A566C6 /* SearchSpeechButton.swift */,
				3FA4A857286952130094D8CD /* SpeechDictationViewController.xib */,
				3FA4A856286952130094D8CD /* SpeechDictationViewController.swift */,
				A8FB37BE2856D3670057F6A3 /* Onboarding */,
				A87463EC28546CEC009AB0DC /* Profile */,
				A87463E828546A06009AB0DC /* Dashboard */,
				A87463EB28546CD8009AB0DC /* History */,
				A87463D928545970009AB0DC /* LaunchScreen.storyboard */,
				A87463D12854596D009AB0DC /* Main.storyboard */,
				3FA0FE84286B23FC0002D514 /* SplashViewController.xib */,
				3FA0FE83286B23FC0002D514 /* SplashViewController.swift */,
			);
			path = UI;
			sourceTree = "<group>";
		};
		A87463E5285469AE009AB0DC /* Data */ = {
			isa = PBXGroup;
			children = (
				A8411BE12865570F00C3B5E2 /* Repository */,
				3F94CCCE2858589200BD5176 /* Model */,
				A8FB37C32856E7240057F6A3 /* UserKeyStore.swift */,
				3F3131DC28635499005B7640 /* UserDefaults.swift */,
			);
			path = Data;
			sourceTree = "<group>";
		};
		A87463E6285469B4009AB0DC /* Utils */ = {
			isa = PBXGroup;
			children = (
				A8CC9D80285A2D6600F30DBE /* Helper */,
				A8CC9D7D285A2CFF00F30DBE /* CustomClass */,
				3F94CCE12858599B00BD5176 /* CO2E.swift */,
				3F3131E228635C84005B7640 /* CO2ETimer.swift */,
				3FC8259F2856177C0074B88D /* TransportType.swift */,
				3F94CCE02858599B00BD5176 /* SystemUnits.swift */,
				3F94CCC22858581300BD5176 /* MoovitAPI.swift */,
				3F94CCC32858581300BD5176 /* ViewHelper.swift */,
				3F94CCE7285859DB00BD5176 /* ViewAccessory.swift */,
				3F4D588D2859CEE200F6D19B /* RoundingDigit.swift */,
				3F3131E428635D50005B7640 /* TimeFrequency.swift */,
				3FEE0722286427A700DAA5EB /* GlobalPublisher.swift */,
				3FF8DCA428670A4B00EEE490 /* OffsetEntity.swift */,
				3F9E56C3286844F100A566C6 /* PartsOfDay.swift */,
				3FA131712871541600C67D2A /* ULProcessor.swift */,
				3F187790287329C1009684A6 /* NotificationTrigger.swift */,
			);
			path = Utils;
			sourceTree = "<group>";
		};
		A87463E828546A06009AB0DC /* Dashboard */ = {
			isa = PBXGroup;
			children = (
				A8CC9D76285988D000F30DBE /* Trip */,
				A87463E928546B74009AB0DC /* Dashboard.storyboard */,
				A87463CF2854596D009AB0DC /* DashboardViewController.swift */,
				A8CC9D772859894E00F30DBE /* HomeNoTripViewController.swift */,
				A8CC9D792859899500F30DBE /* HomeTripViewController.swift */,
				3F9FE8952869FEB500784B2D /* OnGoingTripSheet.xib */,
				3F9FE897286A15BA00784B2D /* OnGoingTripSheet.swift */,
				3F18778E28730FD9009684A6 /* LocationPermissionAlertNotifier.swift */,
			);
			path = Dashboard;
			sourceTree = "<group>";
		};
		A87463EB28546CD8009AB0DC /* History */ = {
			isa = PBXGroup;
			children = (
				A8AD59B328602DAA00104B58 /* Summary.storyboard */,
				A8AD59B728602DAA00104B58 /* SummaryDetailViewController.swift */,
				3F3131E828638812005B7640 /* SummaryHeaderTripViewController.swift */,
				A8AD59B428602DAA00104B58 /* SummaryViewController.swift */,
				A8AD59B628602DAA00104B58 /* TripDetailContentView.swift */,
				A8AD59B828602DAA00104B58 /* TripDetailContentView.xib */,
				A8AD59B228602DAA00104B58 /* TripDetailViewController.swift */,
				A87463F328546D97009AB0DC /* History.storyboard */,
				A87463EF28546D4F009AB0DC /* HistoryViewController.swift */,
				D9DF377F2860329400CA9F9C /* HistoryTripViewController.swift */,
				3FEE071C2864109A00DAA5EB /* HistoryTableViewCell.xib */,
				3F7B6C7F2860C73100529CD3 /* HistoryTableViewCell.swift */,
			);
			path = History;
			sourceTree = "<group>";
		};
		A87463EC28546CEC009AB0DC /* Profile */ = {
			isa = PBXGroup;
			children = (
				3FF8DCA02866FA3500EEE490 /* ReduceCarbonCardView.xib */,
				3FF8DCA22866FA5500EEE490 /* ReduceCarbonCardView.swift */,
				A881443F285C183400EE1FA2 /* ReduceCarbonConciseCardView.xib */,
				3B9293EF2860B0CE005EF46E /* ReduceCarbonConciseCardView.swift */,
				A87463ED28546D09009AB0DC /* Profile.storyboard */,
				A87463F128546D72009AB0DC /* ProfileViewController.swift */,
				3B2BA0742860369500104AAF /* SumProfileViewController.swift */,
				3FF8DC9E2866B6A400EEE490 /* ShareOptionViewController.swift */,
				3F0BD0C1286568770049925B /* ShareViewController.xib */,
				3F0BD0C0286568770049925B /* ShareViewController.swift */,
			);
			path = Profile;
			sourceTree = "<group>";
		};
		A8CC9D76285988D000F30DBE /* Trip */ = {
			isa = PBXGroup;
			children = (
				3FF10125285490E10048013A /* Trip.storyboard */,
				3FA4A8542868BBD90094D8CD /* LocationTableViewCell.swift */,
				3FA4A8522868AF7B0094D8CD /* SearchLocationViewController.swift */,
				3FF101272854913A0048013A /* DestinationPlanViewController.swift */,
				3FF1012D2854B5680048013A /* OnTripViewController.swift */,
				3FA0FE78286B04D60002D514 /* SummarizingViewController.swift */,
				3FF101312854BA190048013A /* TransportRadioButton.swift */,
				3FF1012F2854B9F90048013A /* TransportRadioButton.xib */,
				3F0E2CBB285856A100E7160C /* ChooseChangeTransportBase.swift */,
				3FF101332854BC0D0048013A /* ChooseTransportationViewController.swift */,
				3FF101342854BC0D0048013A /* ChooseTransportationViewController.xib */,
				3F94CCC02858581300BD5176 /* ChangeTransportViewController.swift */,
				3F94CCBE2858581300BD5176 /* ChangeTransportViewController.xib */,
				3FF101372854BC200048013A /* CurrentTransportationViewController.swift */,
				3FF101382854BC200048013A /* CurrentTransportationViewController.xib */,
				3FF1013B2854BC2F0048013A /* TransportationCostViewController.swift */,
				3FF1013C2854BC2F0048013A /* TransportationCostViewController.xib */,
				3F94CCC12858581300BD5176 /* TransportAnnotation.swift */,
				3F94CCC42858581300BD5176 /* TransportAnnotationView.swift */,
				3FCB1225286D6B4F00E9A348 /* TransportCalloutView.xib */,
				3FCB1227286D6E9D00E9A348 /* TransportCalloutView.swift */,
				3FCB1229286D89AD00E9A348 /* TransportCalloutOngoingView.xib */,
				3FCB122B286D8B1100E9A348 /* TransportCalloutOngoingView.swift */,
			);
			path = Trip;
			sourceTree = "<group>";
		};
		A8CC9D7D285A2CFF00F30DBE /* CustomClass */ = {
			isa = PBXGroup;
			children = (
				3F94CCBC2858581300BD5176 /* AlertPresentationController.swift */,
				3F94CCBD2858581300BD5176 /* FocusPresentationController.swift */,
				3F94CCBF2858581300BD5176 /* SheetPresentationController.swift */,
				3FECBAF828622DA900444E5D /* StateBackgroundButton.swift */,
				A8D70B0328696BC3006AB7E1 /* AnimTabBarController.swift */,
			);
			path = CustomClass;
			sourceTree = "<group>";
		};
		A8CC9D80285A2D6600F30DBE /* Helper */ = {
			isa = PBXGroup;
			children = (
				3F94CCDF2858599B00BD5176 /* RadioButtonManager.swift */,
				A8CC9D81285A307D00F30DBE /* Extensions.swift */,
				3FA0FE7D286B10900002D514 /* LottieFactory.swift */,
				3FA0FE87286B33F70002D514 /* UIImageView+AnimationCompletionBlock.swift */,
				3F18778A2872E6FE009684A6 /* SystemDevice.swift */,
			);
			path = Helper;
			sourceTree = "<group>";
		};
		A8D70B0028695CE5006AB7E1 /* Recovered References */ = {
			isa = PBXGroup;
			children = (
				A8411BDF2865562600C3B5E2 /* TransitPath.swift */,
			);
			name = "Recovered References";
			sourceTree = "<group>";
		};
		A8FB37BE2856D3670057F6A3 /* Onboarding */ = {
			isa = PBXGroup;
			children = (
				A8FB37BF2856D6150057F6A3 /* Onboarding.storyboard */,
				A8FB37C12856E0840057F6A3 /* SlidingOnboardingViewController.swift */,
				A8FB37C52856FA430057F6A3 /* AllowNotificationViewController.swift */,
			);
			path = Onboarding;
			sourceTree = "<group>";
		};
		A8FB37C82856FEAF0057F6A3 /* Frameworks */ = {
			isa = PBXGroup;
			children = (
				A8FB37C92856FEAF0057F6A3 /* CloudKit.framework */,
			);
			name = Frameworks;
			sourceTree = "<group>";
		};
/* End PBXGroup section */

/* Begin PBXNativeTarget section */
		A87463C72854596D009AB0DC /* tracco */ = {
			isa = PBXNativeTarget;
			buildConfigurationList = A87463DF28545970009AB0DC /* Build configuration list for PBXNativeTarget "tracco" */;
			buildPhases = (
				A87463C42854596D009AB0DC /* Sources */,
				A87463C52854596D009AB0DC /* Frameworks */,
				A87463C62854596D009AB0DC /* Resources */,
			);
			buildRules = (
			);
			dependencies = (
			);
			name = tracco;
			packageProductDependencies = (
				3FA0FE7B286B07570002D514 /* Lottie */,
			);
			productName = carbonless;
			productReference = A87463C82854596D009AB0DC /* tracco.app */;
			productType = "com.apple.product-type.application";
		};
/* End PBXNativeTarget section */

/* Begin PBXProject section */
		A87463C02854596D009AB0DC /* Project object */ = {
			isa = PBXProject;
			attributes = {
				BuildIndependentTargetsInParallel = 1;
				LastSwiftUpdateCheck = 1340;
				LastUpgradeCheck = 1400;
				TargetAttributes = {
					A87463C72854596D009AB0DC = {
						CreatedOnToolsVersion = 13.4.1;
					};
				};
			};
			buildConfigurationList = A87463C32854596D009AB0DC /* Build configuration list for PBXProject "tracco" */;
			compatibilityVersion = "Xcode 13.0";
			developmentRegion = en;
			hasScannedForEncodings = 0;
			knownRegions = (
				en,
				Base,
			);
			mainGroup = A87463BF2854596D009AB0DC;
			packageReferences = (
				3FA0FE7A286B07570002D514 /* XCRemoteSwiftPackageReference "lottie-ios" */,
			);
			productRefGroup = A87463C92854596D009AB0DC /* Products */;
			projectDirPath = "";
			projectRoot = "";
			targets = (
				A87463C72854596D009AB0DC /* tracco */,
			);
		};
/* End PBXProject section */

/* Begin PBXResourcesBuildPhase section */
		A87463C62854596D009AB0DC /* Resources */ = {
			isa = PBXResourcesBuildPhase;
			buildActionMask = 2147483647;
			files = (
				3F9E56C62868A2C600A566C6 /* SearchSpeechButton.xib in Resources */,
				A8AD59BF28602DAA00104B58 /* TripDetailContentView.xib in Resources */,
				3FF1012428548E470048013A /* Nunito-VariableFont_wght.ttf in Resources */,
				3FA0FE86286B23FC0002D514 /* SplashViewController.xib in Resources */,
				3F0BD0C3286568770049925B /* ShareViewController.xib in Resources */,
				A87463DB28545970009AB0DC /* LaunchScreen.storyboard in Resources */,
				3F94CCC72858581300BD5176 /* ChangeTransportViewController.xib in Resources */,
				3F9FE8962869FEB500784B2D /* OnGoingTripSheet.xib in Resources */,
				3FA3E8952855AD1D006DCE5D /* AppAlertController.xib in Resources */,
				3FCB122A286D89AD00E9A348 /* TransportCalloutOngoingView.xib in Resources */,
				A87463D828545970009AB0DC /* Assets.xcassets in Resources */,
				3F08353B286B6A8F006F3C99 /* Settings.bundle in Resources */,
				3FF10126285490E10048013A /* Trip.storyboard in Resources */,
				A87463EE28546D09009AB0DC /* Profile.storyboard in Resources */,
				3FF101362854BC0D0048013A /* ChooseTransportationViewController.xib in Resources */,
				A8AD59BC28602DAA00104B58 /* CardInfoView.xib in Resources */,
				3FF101302854B9F90048013A /* TransportRadioButton.xib in Resources */,
				3FF1013E2854BC2F0048013A /* TransportationCostViewController.xib in Resources */,
				A87463D32854596D009AB0DC /* Main.storyboard in Resources */,
				A8814440285C183400EE1FA2 /* ReduceCarbonConciseCardView.xib in Resources */,
				3FA4A859286952130094D8CD /* SpeechDictationViewController.xib in Resources */,
				A87463EA28546B74009AB0DC /* Dashboard.storyboard in Resources */,
				3FF1012328548E450048013A /* Nunito-Italic-VariableFont_wght.ttf in Resources */,
				3FF1013A2854BC200048013A /* CurrentTransportationViewController.xib in Resources */,
				3FCB1226286D6B4F00E9A348 /* TransportCalloutView.xib in Resources */,
				3FEE071E2864109A00DAA5EB /* HistoryTableViewCell.xib in Resources */,
				3FF8DCA12866FA3500EEE490 /* ReduceCarbonCardView.xib in Resources */,
				A8FB37C02856D6150057F6A3 /* Onboarding.storyboard in Resources */,
				3F0BD0C5286604590049925B /* LongCardInfoView.xib in Resources */,
				A87463F428546D97009AB0DC /* History.storyboard in Resources */,
				A8AD59BA28602DAA00104B58 /* Summary.storyboard in Resources */,
			);
			runOnlyForDeploymentPostprocessing = 0;
		};
/* End PBXResourcesBuildPhase section */

/* Begin PBXSourcesBuildPhase section */
		A87463C42854596D009AB0DC /* Sources */ = {
			isa = PBXSourcesBuildPhase;
			buildActionMask = 2147483647;
			files = (
				3F94CCD62858591C00BD5176 /* TransportRadioButtonVM.swift in Sources */,
				3F4D588E2859CEE200F6D19B /* RoundingDigit.swift in Sources */,
				3F18778B2872E6FE009684A6 /* SystemDevice.swift in Sources */,
				A87463F228546D72009AB0DC /* ProfileViewController.swift in Sources */,
				A8AD59B128602D9A00104B58 /* CardInfoView.swift in Sources */,
				3B9293F02860B0CE005EF46E /* ReduceCarbonConciseCardView.swift in Sources */,
				3F84CB68285E163500EFDD71 /* SummaryVM.swift in Sources */,
				3F9E56C82868A5E400A566C6 /* SearchSpeechButton.swift in Sources */,
				3F94CCCD2858581300BD5176 /* TransportAnnotationView.swift in Sources */,
				3F94CCCA2858581300BD5176 /* TransportAnnotation.swift in Sources */,
				3FA4A85F2869BAB50094D8CD /* TripModel.swift in Sources */,
				A8411BE42865574A00C3B5E2 /* TripRepository.swift in Sources */,
				3FF8DC9F2866B6A400EEE490 /* ShareOptionViewController.swift in Sources */,
				3FA4A858286952130094D8CD /* SpeechDictationViewController.swift in Sources */,
				3F3131E328635C84005B7640 /* CO2ETimer.swift in Sources */,
				A8AD59BE28602DAA00104B58 /* SummaryDetailViewController.swift in Sources */,
				3F7B6C802860C73100529CD3 /* HistoryTableViewCell.swift in Sources */,
				A894047F286949940080D5D5 /* HistoryViewModel.swift in Sources */,
				A8CC9D782859894E00F30DBE /* HomeNoTripViewController.swift in Sources */,
				A87463D02854596D009AB0DC /* DashboardViewController.swift in Sources */,
				3FCB1228286D6E9D00E9A348 /* TransportCalloutView.swift in Sources */,
				3FF1012E2854B5680048013A /* OnTripViewController.swift in Sources */,
				3F94CCD72858591C00BD5176 /* OnTripVM.swift in Sources */,
				3F0BD0C2286568770049925B /* ShareViewController.swift in Sources */,
				3F18778F28730FD9009684A6 /* LocationPermissionAlertNotifier.swift in Sources */,
				A87463CC2854596D009AB0DC /* AppDelegate.swift in Sources */,
				3FF101322854BA190048013A /* TransportRadioButton.swift in Sources */,
				3F94CCCC2858581300BD5176 /* ViewHelper.swift in Sources */,
				3F3131E528635D50005B7640 /* TimeFrequency.swift in Sources */,
				3F94CCE6285859D200BD5176 /* TransportationCostVM.swift in Sources */,
				3F0E2CBC285856A100E7160C /* ChooseChangeTransportBase.swift in Sources */,
				3F0BD0C7286604660049925B /* LongCardInfoView.swift in Sources */,
				3F9FE898286A15BA00784B2D /* OnGoingTripSheet.swift in Sources */,
				3FF101352854BC0D0048013A /* ChooseTransportationViewController.swift in Sources */,
				3F94CCE22858599B00BD5176 /* RadioButtonManager.swift in Sources */,
				A8AD59B928602DAA00104B58 /* TripDetailViewController.swift in Sources */,
				A87463CE2854596D009AB0DC /* SceneDelegate.swift in Sources */,
				3F94CCC52858581300BD5176 /* AlertPresentationController.swift in Sources */,
				3FA4A8532868AF7B0094D8CD /* SearchLocationViewController.swift in Sources */,
				A8AD59BB28602DAA00104B58 /* SummaryViewController.swift in Sources */,
				3F94CCCB2858581300BD5176 /* MoovitAPI.swift in Sources */,
				3F94CCD82858591C00BD5176 /* DestinationPlanVM.swift in Sources */,
				3FF8DCA32866FA5500EEE490 /* ReduceCarbonCardView.swift in Sources */,
				3FF101282854913A0048013A /* DestinationPlanViewController.swift in Sources */,
				3F94CCC62858581300BD5176 /* FocusPresentationController.swift in Sources */,
				3FA4A85D28699FA70094D8CD /* TransitPath.swift in Sources */,
				3FCB122C286D8B1100E9A348 /* TransportCalloutOngoingView.swift in Sources */,
				D9DF37802860329400CA9F9C /* HistoryTripViewController.swift in Sources */,
				3FA0FE79286B04D60002D514 /* SummarizingViewController.swift in Sources */,
				3F94CCE8285859DB00BD5176 /* ViewAccessory.swift in Sources */,
				3FCB122E286D8FA500E9A348 /* TripTableViewController.swift in Sources */,
				3F1877892872D811009684A6 /* AppAlertAction.swift in Sources */,
				A8D70B0228695DE1006AB7E1 /* LatestTripVM.swift in Sources */,
				A8AD59BD28602DAA00104B58 /* TripDetailContentView.swift in Sources */,
				A8CC9D7C28598DD300F30DBE /* DashboardVM.swift in Sources */,
				3FF8DCA528670A4B00EEE490 /* OffsetEntity.swift in Sources */,
				3F3131EB28638924005B7640 /* SummaryHistoryVM.swift in Sources */,
				3F94CCE42858599B00BD5176 /* CO2E.swift in Sources */,
				3FEE07212864234500DAA5EB /* ProfileVM.swift in Sources */,
				3F3131DD28635499005B7640 /* UserDefaults.swift in Sources */,
				A87463F028546D4F009AB0DC /* HistoryViewController.swift in Sources */,
				3FF1013D2854BC2F0048013A /* TransportationCostViewController.swift in Sources */,
				3FC825A32856177C0074B88D /* TransportType.swift in Sources */,
				3F187791287329C1009684A6 /* NotificationTrigger.swift in Sources */,
				3FA0FE88286B33F70002D514 /* UIImageView+AnimationCompletionBlock.swift in Sources */,
				3FC88A74285B24680022BA2C /* TransitModel.swift in Sources */,
				3FEE0723286427A700DAA5EB /* GlobalPublisher.swift in Sources */,
				3F3131E928638812005B7640 /* SummaryHeaderTripViewController.swift in Sources */,
				3F3131E1286359AA005B7640 /* ProfileModel.swift in Sources */,
				3FF101392854BC200048013A /* CurrentTransportationViewController.swift in Sources */,
				3B2BA0752860369500104AAF /* SumProfileViewController.swift in Sources */,
				A8CC9D7A2859899500F30DBE /* HomeTripViewController.swift in Sources */,
				A87463D62854596D009AB0DC /* tracco.xcdatamodeld in Sources */,
				A8D70B0428696BC3006AB7E1 /* AnimTabBarController.swift in Sources */,
				3FA0FE85286B23FC0002D514 /* SplashViewController.swift in Sources */,
				3FA3E8942855AD1D006DCE5D /* AppAlertController.swift in Sources */,
				3F94CCC92858581300BD5176 /* ChangeTransportViewController.swift in Sources */,
				3FA131722871541600C67D2A /* ULProcessor.swift in Sources */,
				3F94CCE32858599B00BD5176 /* SystemUnits.swift in Sources */,
				A8CC9D82285A307D00F30DBE /* Extensions.swift in Sources */,
				3F94CCC82858581300BD5176 /* SheetPresentationController.swift in Sources */,
				3FA4A8552868BBD90094D8CD /* LocationTableViewCell.swift in Sources */,
				3F9E56C4286844F100A566C6 /* PartsOfDay.swift in Sources */,
				3FECBAF928622DA900444E5D /* StateBackgroundButton.swift in Sources */,
				A8FB37C42856E7240057F6A3 /* UserKeyStore.swift in Sources */,
				A8FB37C22856E0840057F6A3 /* SlidingOnboardingViewController.swift in Sources */,
				A8FB37C62856FA430057F6A3 /* AllowNotificationViewController.swift in Sources */,
				3FA0FE7E286B10900002D514 /* LottieFactory.swift in Sources */,
			);
			runOnlyForDeploymentPostprocessing = 0;
		};
/* End PBXSourcesBuildPhase section */

/* Begin PBXVariantGroup section */
		A87463D12854596D009AB0DC /* Main.storyboard */ = {
			isa = PBXVariantGroup;
			children = (
				A87463D22854596D009AB0DC /* Base */,
			);
			name = Main.storyboard;
			sourceTree = "<group>";
		};
		A87463D928545970009AB0DC /* LaunchScreen.storyboard */ = {
			isa = PBXVariantGroup;
			children = (
				A87463DA28545970009AB0DC /* Base */,
			);
			name = LaunchScreen.storyboard;
			sourceTree = "<group>";
		};
/* End PBXVariantGroup section */

/* Begin XCBuildConfiguration section */
		A87463DD28545970009AB0DC /* Debug */ = {
			isa = XCBuildConfiguration;
			buildSettings = {
				ALWAYS_SEARCH_USER_PATHS = NO;
				CLANG_ANALYZER_NONNULL = YES;
				CLANG_ANALYZER_NUMBER_OBJECT_CONVERSION = YES_AGGRESSIVE;
				CLANG_CXX_LANGUAGE_STANDARD = "gnu++17";
				CLANG_ENABLE_MODULES = YES;
				CLANG_ENABLE_OBJC_ARC = YES;
				CLANG_ENABLE_OBJC_WEAK = YES;
				CLANG_WARN_BLOCK_CAPTURE_AUTORELEASING = YES;
				CLANG_WARN_BOOL_CONVERSION = YES;
				CLANG_WARN_COMMA = YES;
				CLANG_WARN_CONSTANT_CONVERSION = YES;
				CLANG_WARN_DEPRECATED_OBJC_IMPLEMENTATIONS = YES;
				CLANG_WARN_DIRECT_OBJC_ISA_USAGE = YES_ERROR;
				CLANG_WARN_DOCUMENTATION_COMMENTS = YES;
				CLANG_WARN_EMPTY_BODY = YES;
				CLANG_WARN_ENUM_CONVERSION = YES;
				CLANG_WARN_INFINITE_RECURSION = YES;
				CLANG_WARN_INT_CONVERSION = YES;
				CLANG_WARN_NON_LITERAL_NULL_CONVERSION = YES;
				CLANG_WARN_OBJC_IMPLICIT_RETAIN_SELF = YES;
				CLANG_WARN_OBJC_LITERAL_CONVERSION = YES;
				CLANG_WARN_OBJC_ROOT_CLASS = YES_ERROR;
				CLANG_WARN_QUOTED_INCLUDE_IN_FRAMEWORK_HEADER = YES;
				CLANG_WARN_RANGE_LOOP_ANALYSIS = YES;
				CLANG_WARN_STRICT_PROTOTYPES = YES;
				CLANG_WARN_SUSPICIOUS_MOVE = YES;
				CLANG_WARN_UNGUARDED_AVAILABILITY = YES_AGGRESSIVE;
				CLANG_WARN_UNREACHABLE_CODE = YES;
				CLANG_WARN__DUPLICATE_METHOD_MATCH = YES;
				COPY_PHASE_STRIP = NO;
				DEBUG_INFORMATION_FORMAT = dwarf;
				ENABLE_STRICT_OBJC_MSGSEND = YES;
				ENABLE_TESTABILITY = YES;
				GCC_C_LANGUAGE_STANDARD = gnu11;
				GCC_DYNAMIC_NO_PIC = NO;
				GCC_NO_COMMON_BLOCKS = YES;
				GCC_OPTIMIZATION_LEVEL = 0;
				GCC_PREPROCESSOR_DEFINITIONS = (
					"DEBUG=1",
					"$(inherited)",
				);
				GCC_WARN_64_TO_32_BIT_CONVERSION = YES;
				GCC_WARN_ABOUT_RETURN_TYPE = YES_ERROR;
				GCC_WARN_UNDECLARED_SELECTOR = YES;
				GCC_WARN_UNINITIALIZED_AUTOS = YES_AGGRESSIVE;
				GCC_WARN_UNUSED_FUNCTION = YES;
				GCC_WARN_UNUSED_VARIABLE = YES;
				IPHONEOS_DEPLOYMENT_TARGET = 15.0;
				MTL_ENABLE_DEBUG_INFO = INCLUDE_SOURCE;
				MTL_FAST_MATH = YES;
				ONLY_ACTIVE_ARCH = YES;
				SDKROOT = iphoneos;
				SWIFT_ACTIVE_COMPILATION_CONDITIONS = DEBUG;
				SWIFT_OPTIMIZATION_LEVEL = "-Onone";
			};
			name = Debug;
		};
		A87463DE28545970009AB0DC /* Release */ = {
			isa = XCBuildConfiguration;
			buildSettings = {
				ALWAYS_SEARCH_USER_PATHS = NO;
				CLANG_ANALYZER_NONNULL = YES;
				CLANG_ANALYZER_NUMBER_OBJECT_CONVERSION = YES_AGGRESSIVE;
				CLANG_CXX_LANGUAGE_STANDARD = "gnu++17";
				CLANG_ENABLE_MODULES = YES;
				CLANG_ENABLE_OBJC_ARC = YES;
				CLANG_ENABLE_OBJC_WEAK = YES;
				CLANG_WARN_BLOCK_CAPTURE_AUTORELEASING = YES;
				CLANG_WARN_BOOL_CONVERSION = YES;
				CLANG_WARN_COMMA = YES;
				CLANG_WARN_CONSTANT_CONVERSION = YES;
				CLANG_WARN_DEPRECATED_OBJC_IMPLEMENTATIONS = YES;
				CLANG_WARN_DIRECT_OBJC_ISA_USAGE = YES_ERROR;
				CLANG_WARN_DOCUMENTATION_COMMENTS = YES;
				CLANG_WARN_EMPTY_BODY = YES;
				CLANG_WARN_ENUM_CONVERSION = YES;
				CLANG_WARN_INFINITE_RECURSION = YES;
				CLANG_WARN_INT_CONVERSION = YES;
				CLANG_WARN_NON_LITERAL_NULL_CONVERSION = YES;
				CLANG_WARN_OBJC_IMPLICIT_RETAIN_SELF = YES;
				CLANG_WARN_OBJC_LITERAL_CONVERSION = YES;
				CLANG_WARN_OBJC_ROOT_CLASS = YES_ERROR;
				CLANG_WARN_QUOTED_INCLUDE_IN_FRAMEWORK_HEADER = YES;
				CLANG_WARN_RANGE_LOOP_ANALYSIS = YES;
				CLANG_WARN_STRICT_PROTOTYPES = YES;
				CLANG_WARN_SUSPICIOUS_MOVE = YES;
				CLANG_WARN_UNGUARDED_AVAILABILITY = YES_AGGRESSIVE;
				CLANG_WARN_UNREACHABLE_CODE = YES;
				CLANG_WARN__DUPLICATE_METHOD_MATCH = YES;
				COPY_PHASE_STRIP = NO;
				DEBUG_INFORMATION_FORMAT = "dwarf-with-dsym";
				ENABLE_NS_ASSERTIONS = NO;
				ENABLE_STRICT_OBJC_MSGSEND = YES;
				GCC_C_LANGUAGE_STANDARD = gnu11;
				GCC_NO_COMMON_BLOCKS = YES;
				GCC_WARN_64_TO_32_BIT_CONVERSION = YES;
				GCC_WARN_ABOUT_RETURN_TYPE = YES_ERROR;
				GCC_WARN_UNDECLARED_SELECTOR = YES;
				GCC_WARN_UNINITIALIZED_AUTOS = YES_AGGRESSIVE;
				GCC_WARN_UNUSED_FUNCTION = YES;
				GCC_WARN_UNUSED_VARIABLE = YES;
				IPHONEOS_DEPLOYMENT_TARGET = 15.0;
				MTL_ENABLE_DEBUG_INFO = NO;
				MTL_FAST_MATH = YES;
				SDKROOT = iphoneos;
				SWIFT_COMPILATION_MODE = wholemodule;
				SWIFT_OPTIMIZATION_LEVEL = "-O";
				VALIDATE_PRODUCT = YES;
			};
			name = Release;
		};
		A87463E028545970009AB0DC /* Debug */ = {
			isa = XCBuildConfiguration;
			buildSettings = {
				ASSETCATALOG_COMPILER_APPICON_NAME = AppIcon;
				ASSETCATALOG_COMPILER_GLOBAL_ACCENT_COLOR_NAME = AccentColor;
				ASSETCATALOG_COMPILER_INCLUDE_ALL_APPICON_ASSETS = NO;
				CODE_SIGN_ENTITLEMENTS = tracco/tracco.entitlements;
				CODE_SIGN_STYLE = Automatic;
				CURRENT_PROJECT_VERSION = 280;
				DEVELOPMENT_TEAM = 6BV79TUAG4;
				GENERATE_INFOPLIST_FILE = YES;
				INFOPLIST_FILE = tracco/Info.plist;
				INFOPLIST_KEY_CFBundleDisplayName = Tracco;
				INFOPLIST_KEY_UIApplicationSupportsIndirectInputEvents = YES;
				INFOPLIST_KEY_UILaunchStoryboardName = LaunchScreen;
				INFOPLIST_KEY_UIMainStoryboardFile = Main;
				INFOPLIST_KEY_UISupportedInterfaceOrientations = UIInterfaceOrientationPortrait;
				INFOPLIST_KEY_UISupportedInterfaceOrientations_iPad = "UIInterfaceOrientationLandscapeLeft UIInterfaceOrientationLandscapeRight UIInterfaceOrientationPortraitUpsideDown";
				IPHONEOS_DEPLOYMENT_TARGET = 15.0;
				LD_RUNPATH_SEARCH_PATHS = (
					"$(inherited)",
					"@executable_path/Frameworks",
				);
				MARKETING_VERSION = 1.1.0;
				PRODUCT_BUNDLE_IDENTIFIER = com.developeracademy.tracco;
				PRODUCT_NAME = "$(TARGET_NAME)";
				SWIFT_EMIT_LOC_STRINGS = YES;
				SWIFT_VERSION = 5.0;
				TARGETED_DEVICE_FAMILY = 1;
			};
			name = Debug;
		};
		A87463E128545970009AB0DC /* Release */ = {
			isa = XCBuildConfiguration;
			buildSettings = {
				ASSETCATALOG_COMPILER_APPICON_NAME = AppIcon;
				ASSETCATALOG_COMPILER_GLOBAL_ACCENT_COLOR_NAME = AccentColor;
				ASSETCATALOG_COMPILER_INCLUDE_ALL_APPICON_ASSETS = NO;
				CODE_SIGN_ENTITLEMENTS = tracco/tracco.entitlements;
				CODE_SIGN_STYLE = Automatic;
				CURRENT_PROJECT_VERSION = 280;
				DEVELOPMENT_TEAM = 6BV79TUAG4;
				GENERATE_INFOPLIST_FILE = YES;
				INFOPLIST_FILE = tracco/Info.plist;
				INFOPLIST_KEY_CFBundleDisplayName = Tracco;
				INFOPLIST_KEY_UIApplicationSupportsIndirectInputEvents = YES;
				INFOPLIST_KEY_UILaunchStoryboardName = LaunchScreen;
				INFOPLIST_KEY_UIMainStoryboardFile = Main;
				INFOPLIST_KEY_UISupportedInterfaceOrientations = UIInterfaceOrientationPortrait;
				INFOPLIST_KEY_UISupportedInterfaceOrientations_iPad = "UIInterfaceOrientationLandscapeLeft UIInterfaceOrientationLandscapeRight UIInterfaceOrientationPortraitUpsideDown";
				IPHONEOS_DEPLOYMENT_TARGET = 15.0;
				LD_RUNPATH_SEARCH_PATHS = (
					"$(inherited)",
					"@executable_path/Frameworks",
				);
				MARKETING_VERSION = 1.1.0;
				PRODUCT_BUNDLE_IDENTIFIER = com.developeracademy.tracco;
				PRODUCT_NAME = "$(TARGET_NAME)";
				SWIFT_EMIT_LOC_STRINGS = YES;
				SWIFT_VERSION = 5.0;
				TARGETED_DEVICE_FAMILY = 1;
			};
			name = Release;
		};
/* End XCBuildConfiguration section */

/* Begin XCConfigurationList section */
		A87463C32854596D009AB0DC /* Build configuration list for PBXProject "tracco" */ = {
			isa = XCConfigurationList;
			buildConfigurations = (
				A87463DD28545970009AB0DC /* Debug */,
				A87463DE28545970009AB0DC /* Release */,
			);
			defaultConfigurationIsVisible = 0;
			defaultConfigurationName = Release;
		};
		A87463DF28545970009AB0DC /* Build configuration list for PBXNativeTarget "tracco" */ = {
			isa = XCConfigurationList;
			buildConfigurations = (
				A87463E028545970009AB0DC /* Debug */,
				A87463E128545970009AB0DC /* Release */,
			);
			defaultConfigurationIsVisible = 0;
			defaultConfigurationName = Release;
		};
/* End XCConfigurationList section */

/* Begin XCRemoteSwiftPackageReference section */
		3FA0FE7A286B07570002D514 /* XCRemoteSwiftPackageReference "lottie-ios" */ = {
			isa = XCRemoteSwiftPackageReference;
			repositoryURL = "https://github.com/airbnb/lottie-ios";
			requirement = {
				kind = upToNextMajorVersion;
				minimumVersion = 3.0.0;
			};
		};
/* End XCRemoteSwiftPackageReference section */

/* Begin XCSwiftPackageProductDependency section */
		3FA0FE7B286B07570002D514 /* Lottie */ = {
			isa = XCSwiftPackageProductDependency;
			package = 3FA0FE7A286B07570002D514 /* XCRemoteSwiftPackageReference "lottie-ios" */;
			productName = Lottie;
		};
/* End XCSwiftPackageProductDependency section */

/* Begin XCVersionGroup section */
		A87463D42854596D009AB0DC /* tracco.xcdatamodeld */ = {
			isa = XCVersionGroup;
			children = (
				A87463D52854596D009AB0DC /* tracco.xcdatamodel */,
			);
			currentVersion = A87463D52854596D009AB0DC /* tracco.xcdatamodel */;
			path = tracco.xcdatamodeld;
			sourceTree = "<group>";
			versionGroupType = wrapper.xcdatamodel;
		};
/* End XCVersionGroup section */
	};
	rootObject = A87463C02854596D009AB0DC /* Project object */;
}
